
Microsoft Visual Studio Solution File, Format Version 12.00
# Visual Studio 15
VisualStudioVersion = 15.0.28010.2026
MinimumVisualStudioVersion = 10.0.40219.1
Project("{888888A0-9F3D-457C-B088-3A5042F75D52}") = "спп_1.2.1", "спп_1.2.1\спп_1.2.1.pyproj", "{9BF95ADF-7422-483D-8DDF-945E1A66DC72}"
EndProject
Global
	GlobalSection(SolutionConfigurationPlatforms) = preSolution
		Debug|Any CPU = Debug|Any CPU
		Release|Any CPU = Release|Any CPU
	EndGlobalSection
	GlobalSection(ProjectConfigurationPlatforms) = postSolution
		{9BF95ADF-7422-483D-8DDF-945E1A66DC72}.Debug|Any CPU.ActiveCfg = Debug|Any CPU
		{9BF95ADF-7422-483D-8DDF-945E1A66DC72}.Release|Any CPU.ActiveCfg = Release|Any CPU
	EndGlobalSection
	GlobalSection(SolutionProperties) = preSolution
		HideSolutionNode = FALSE
	EndGlobalSection
	GlobalSection(ExtensibilityGlobals) = postSolution
		SolutionGuid = {72B80299-9F04-41CA-AF19-69F050826119}
	EndGlobalSection
EndGlobal
