
Microsoft Visual Studio Solution File, Format Version 12.00
# Visual Studio 15
VisualStudioVersion = 15.0.28010.2026
MinimumVisualStudioVersion = 10.0.40219.1
Project("{888888A0-9F3D-457C-B088-3A5042F75D52}") = "спп_1.1.3", "спп_1.1.3\спп_1.1.3.pyproj", "{20E9278A-CF58-4959-8B43-C86D309E59D8}"
EndProject
Global
	GlobalSection(SolutionConfigurationPlatforms) = preSolution
		Debug|Any CPU = Debug|Any CPU
		Release|Any CPU = Release|Any CPU
	EndGlobalSection
	GlobalSection(ProjectConfigurationPlatforms) = postSolution
		{20E9278A-CF58-4959-8B43-C86D309E59D8}.Debug|Any CPU.ActiveCfg = Debug|Any CPU
		{20E9278A-CF58-4959-8B43-C86D309E59D8}.Release|Any CPU.ActiveCfg = Release|Any CPU
	EndGlobalSection
	GlobalSection(SolutionProperties) = preSolution
		HideSolutionNode = FALSE
	EndGlobalSection
	GlobalSection(ExtensibilityGlobals) = postSolution
		SolutionGuid = {83C21E54-50AB-4690-8886-B4678E4B8DAE}
	EndGlobalSection
EndGlobal
