
Microsoft Visual Studio Solution File, Format Version 12.00
# Visual Studio 15
VisualStudioVersion = 15.0.28306.52
MinimumVisualStudioVersion = 10.0.40219.1
Project("{888888A0-9F3D-457C-B088-3A5042F75D52}") = "спп_3", "спп_3\спп_3.pyproj", "{A157D367-632B-4980-B24F-CF3C2E909064}"
EndProject
Global
	GlobalSection(SolutionConfigurationPlatforms) = preSolution
		Debug|Any CPU = Debug|Any CPU
		Release|Any CPU = Release|Any CPU
	EndGlobalSection
	GlobalSection(ProjectConfigurationPlatforms) = postSolution
		{A157D367-632B-4980-B24F-CF3C2E909064}.Debug|Any CPU.ActiveCfg = Debug|Any CPU
		{A157D367-632B-4980-B24F-CF3C2E909064}.Release|Any CPU.ActiveCfg = Release|Any CPU
	EndGlobalSection
	GlobalSection(SolutionProperties) = preSolution
		HideSolutionNode = FALSE
	EndGlobalSection
	GlobalSection(ExtensibilityGlobals) = postSolution
		SolutionGuid = {F07828F0-604E-4A41-8C18-93F87A5915CB}
	EndGlobalSection
EndGlobal
