
Microsoft Visual Studio Solution File, Format Version 12.00
# Visual Studio 15
VisualStudioVersion = 15.0.28010.2026
MinimumVisualStudioVersion = 10.0.40219.1
Project("{888888A0-9F3D-457C-B088-3A5042F75D52}") = "спп_1.2.3", "спп_1.2.3\спп_1.2.3.pyproj", "{E0254713-AC2A-4AFB-AFFD-430CDA503E05}"
EndProject
Global
	GlobalSection(SolutionConfigurationPlatforms) = preSolution
		Debug|Any CPU = Debug|Any CPU
		Release|Any CPU = Release|Any CPU
	EndGlobalSection
	GlobalSection(ProjectConfigurationPlatforms) = postSolution
		{E0254713-AC2A-4AFB-AFFD-430CDA503E05}.Debug|Any CPU.ActiveCfg = Debug|Any CPU
		{E0254713-AC2A-4AFB-AFFD-430CDA503E05}.Release|Any CPU.ActiveCfg = Release|Any CPU
	EndGlobalSection
	GlobalSection(SolutionProperties) = preSolution
		HideSolutionNode = FALSE
	EndGlobalSection
	GlobalSection(ExtensibilityGlobals) = postSolution
		SolutionGuid = {4A5C7619-4C2C-4924-BCA9-697A8841589D}
	EndGlobalSection
EndGlobal
