
Microsoft Visual Studio Solution File, Format Version 12.00
# Visual Studio 15
VisualStudioVersion = 15.0.28306.52
MinimumVisualStudioVersion = 10.0.40219.1
Project("{888888A0-9F3D-457C-B088-3A5042F75D52}") = "спп_2_версия3", "спп_2_версия3\спп_2_версия3.pyproj", "{D63105E5-9334-4286-B8EF-1F89D0318441}"
EndProject
Global
	GlobalSection(SolutionConfigurationPlatforms) = preSolution
		Debug|Any CPU = Debug|Any CPU
		Release|Any CPU = Release|Any CPU
	EndGlobalSection
	GlobalSection(ProjectConfigurationPlatforms) = postSolution
		{D63105E5-9334-4286-B8EF-1F89D0318441}.Debug|Any CPU.ActiveCfg = Debug|Any CPU
		{D63105E5-9334-4286-B8EF-1F89D0318441}.Release|Any CPU.ActiveCfg = Release|Any CPU
	EndGlobalSection
	GlobalSection(SolutionProperties) = preSolution
		HideSolutionNode = FALSE
	EndGlobalSection
	GlobalSection(ExtensibilityGlobals) = postSolution
		SolutionGuid = {4D916DCE-E658-47FF-BCF2-FEC22CF00EBC}
	EndGlobalSection
EndGlobal
